
Microsoft Visual Studio Solution File, Format Version 12.00
# Visual Studio 15
VisualStudioVersion = 15.0.27004.2002
MinimumVisualStudioVersion = 10.0.40219.1
Project("{FAE04EC0-301F-11D3-BF4B-00C04F79EFBC}") = "AdamIoC.Runner", "AdamIoC.Runner\AdamIoC.Runner.csproj", "{C0F3ACDB-F1C7-4538-9236-67C2A2F811BE}"
EndProject
Global
	GlobalSection(SolutionConfigurationPlatforms) = preSolution
		Debug|Any CPU = Debug|Any CPU
		Release|Any CPU = Release|Any CPU
	EndGlobalSection
	GlobalSection(ProjectConfigurationPlatforms) = postSolution
		{C0F3ACDB-F1C7-4538-9236-67C2A2F811BE}.Debug|Any CPU.ActiveCfg = Debug|Any CPU
		{C0F3ACDB-F1C7-4538-9236-67C2A2F811BE}.Debug|Any CPU.Build.0 = Debug|Any CPU
		{C0F3ACDB-F1C7-4538-9236-67C2A2F811BE}.Release|Any CPU.ActiveCfg = Release|Any CPU
		{C0F3ACDB-F1C7-4538-9236-67C2A2F811BE}.Release|Any CPU.Build.0 = Release|Any CPU
	EndGlobalSection
	GlobalSection(SolutionProperties) = preSolution
		HideSolutionNode = FALSE
	EndGlobalSection
	GlobalSection(ExtensibilityGlobals) = postSolution
		SolutionGuid = {7C48D597-CA0A-40DB-A951-60538FA7DF0F}
	EndGlobalSection
EndGlobal
